
Microsoft Visual Studio Solution File, Format Version 12.00
# Visual Studio Version 17
VisualStudioVersion = 17.9.34723.18
MinimumVisualStudioVersion = 10.0.40219.1
Project("{FAE04EC0-301F-11D3-BF4B-00C04F79EFBC}") = "MVVMPattern", "MVVMPattern\MVVMPattern.csproj", "{6BD942E1-FFF7-4C27-B73E-A43DC6DECD4B}"
EndProject
Global
	GlobalSection(SolutionConfigurationPlatforms) = preSolution
		Debug|Any CPU = Debug|Any CPU
		Release|Any CPU = Release|Any CPU
	EndGlobalSection
	GlobalSection(ProjectConfigurationPlatforms) = postSolution
		{6BD942E1-FFF7-4C27-B73E-A43DC6DECD4B}.Debug|Any CPU.ActiveCfg = Debug|Any CPU
		{6BD942E1-FFF7-4C27-B73E-A43DC6DECD4B}.Debug|Any CPU.Build.0 = Debug|Any CPU
		{6BD942E1-FFF7-4C27-B73E-A43DC6DECD4B}.Release|Any CPU.ActiveCfg = Release|Any CPU
		{6BD942E1-FFF7-4C27-B73E-A43DC6DECD4B}.Release|Any CPU.Build.0 = Release|Any CPU
	EndGlobalSection
	GlobalSection(SolutionProperties) = preSolution
		HideSolutionNode = FALSE
	EndGlobalSection
	GlobalSection(ExtensibilityGlobals) = postSolution
		SolutionGuid = {0BD4D342-2B58-4D57-8D0F-DEE3D92D64C5}
	EndGlobalSection
EndGlobal
